{
  "version": 1,
  "dependencies": {
    "net10.0": {
      "Confluent.Kafka": {
        "type": "Direct",
        "requested": "[2.16.0, )",
        "resolved": "2.16.0",
        "contentHash": "BREXaSYr9BrXpaJ7S4TTSIhI6q5amIjxoxJGbvKLQjAG/08hs223UDt60j42JdCgtD+aFYuduG/oP/tHqNJt8w==",
        "dependencies": {
          "librdkafka.redist": "2.16.0"
        }
      },
      "Npgsql": {
        "type": "Direct",
        "requested": "[10.0.3, )",
        "resolved": "10.0.3",
        "contentHash": "7nb5YzXuvWWJxB0J8DiyL3we+X4FOctZrt0fIBnucOIaIevFEEwGQVZKtiu9olXdlNAK1eNgqSral6r/jlhI4w=="
      },
      "librdkafka.redist": {
        "type": "Transitive",
        "resolved": "2.16.0",
        "contentHash": "cr/wX7+G/rqOwN88Imxxco+OMGG6XslgSFh9xMb3utHY7/iWfssD2AY9MF7rsGdGm+mGuRw+1IQ+Zslris9IoQ=="
      },
      "banking.application": {
        "type": "Project",
        "dependencies": {
          "Banking.Domain": "[1.0.0, )"
        }
      },
      "banking.domain": {
        "type": "Project"
      }
    }
  }
}