{
  "version": 1,
  "dependencies": {
    "net10.0": {
      "Confluent.Kafka": {
        "type": "Direct",
        "requested": "[2.15.1, )",
        "resolved": "2.15.1",
        "contentHash": "II/gcWsptqKp3UJ4f7zFug7S4xfND1IdYsrNlIJSRRG8WHmP/NfSXiiLWhKGzTUlZwfkL1mcdU71eo1eKf04pA==",
        "dependencies": {
          "librdkafka.redist": "2.15.1"
        }
      },
      "Npgsql": {
        "type": "Direct",
        "requested": "[10.0.3, )",
        "resolved": "10.0.3",
        "contentHash": "7nb5YzXuvWWJxB0J8DiyL3we+X4FOctZrt0fIBnucOIaIevFEEwGQVZKtiu9olXdlNAK1eNgqSral6r/jlhI4w=="
      },
      "librdkafka.redist": {
        "type": "Transitive",
        "resolved": "2.15.1",
        "contentHash": "fhRs/2fY80isR9zqrCkDdEhrp5Vi4Lxetg6yjhBl2uNiQs9Z2StA/Q8WqkJmj5OqmG8BQaP6OXvzbGngqXid+w=="
      },
      "banking.application": {
        "type": "Project",
        "dependencies": {
          "Banking.Domain": "[1.0.0, )"
        }
      },
      "banking.domain": {
        "type": "Project"
      }
    }
  }
}